
Microsoft Visual Studio Solution File, Format Version 12.00
# Visual Studio Version 16
VisualStudioVersion = 16.0.31702.278
MinimumVisualStudioVersion = 10.0.40219.1
Project("{FAE04EC0-301F-11D3-BF4B-00C04F79EFBC}") = "TestTerminal", "TestTerminal.csproj", "{DA25C928-E557-48D8-BF1E-AAA920495CAC}"
EndProject
Global
	GlobalSection(SolutionConfigurationPlatforms) = preSolution
		Debug|Any CPU = Debug|Any CPU
		Release|Any CPU = Release|Any CPU
	EndGlobalSection
	GlobalSection(ProjectConfigurationPlatforms) = postSolution
		{DA25C928-E557-48D8-BF1E-AAA920495CAC}.Debug|Any CPU.ActiveCfg = Debug|Any CPU
		{DA25C928-E557-48D8-BF1E-AAA920495CAC}.Debug|Any CPU.Build.0 = Debug|Any CPU
		{DA25C928-E557-48D8-BF1E-AAA920495CAC}.Release|Any CPU.ActiveCfg = Release|Any CPU
		{DA25C928-E557-48D8-BF1E-AAA920495CAC}.Release|Any CPU.Build.0 = Release|Any CPU
	EndGlobalSection
	GlobalSection(SolutionProperties) = preSolution
		HideSolutionNode = FALSE
	EndGlobalSection
	GlobalSection(ExtensibilityGlobals) = postSolution
		SolutionGuid = {519AEBFA-BAE1-45CE-AD95-65445C75D71C}
	EndGlobalSection
EndGlobal
